
Microsoft Visual Studio Solution File, Format Version 12.00
# Visual Studio Version 17
VisualStudioVersion = 17.9.34607.119
MinimumVisualStudioVersion = 10.0.40219.1
Project("{FAE04EC0-301F-11D3-BF4B-00C04F79EFBC}") = "ToDoList_MVC", "ToDoList_MVC.csproj", "{EB809ECF-D258-4E82-9B5F-80A7EBF56743}"
EndProject
Global
	GlobalSection(SolutionConfigurationPlatforms) = preSolution
		Debug|Any CPU = Debug|Any CPU
		Release|Any CPU = Release|Any CPU
	EndGlobalSection
	GlobalSection(ProjectConfigurationPlatforms) = postSolution
		{EB809ECF-D258-4E82-9B5F-80A7EBF56743}.Debug|Any CPU.ActiveCfg = Debug|Any CPU
		{EB809ECF-D258-4E82-9B5F-80A7EBF56743}.Debug|Any CPU.Build.0 = Debug|Any CPU
		{EB809ECF-D258-4E82-9B5F-80A7EBF56743}.Release|Any CPU.ActiveCfg = Release|Any CPU
		{EB809ECF-D258-4E82-9B5F-80A7EBF56743}.Release|Any CPU.Build.0 = Release|Any CPU
	EndGlobalSection
	GlobalSection(SolutionProperties) = preSolution
		HideSolutionNode = FALSE
	EndGlobalSection
	GlobalSection(ExtensibilityGlobals) = postSolution
		SolutionGuid = {985F6A4F-F94A-43B0-81C7-E340113EACAD}
	EndGlobalSection
EndGlobal
